// !$*UTF8*$!
{
	archiveVersion = 1;
	classes = {
	};
	objectVersion = 46;
	objects = {

/* Begin PBXBuildFile section */
		F321FA8314F808920021E3BC /* UIKit.framework in Frameworks */ = {isa = PBXBuildFile; fileRef = F321FA8214F808920021E3BC /* UIKit.framework */; };
		F321FA8514F808920021E3BC /* Foundation.framework in Frameworks */ = {isa = PBXBuildFile; fileRef = F321FA8414F808920021E3BC /* Foundation.framework */; };
		F321FA8714F808920021E3BC /* CoreGraphics.framework in Frameworks */ = {isa = PBXBuildFile; fileRef = F321FA8614F808920021E3BC /* CoreGraphics.framework */; };
		F321FA8D14F808920021E3BC /* InfoPlist.strings in Resources */ = {isa = PBXBuildFile; fileRef = F321FA8B14F808920021E3BC /* InfoPlist.strings */; };
		F321FA8F14F808920021E3BC /* main.m in Sources */ = {isa = PBXBuildFile; fileRef = F321FA8E14F808920021E3BC /* main.m */; };
		F321FA9314F808920021E3BC /* AppDelegate.m in Sources */ = {isa = PBXBuildFile; fileRef = F321FA9214F808920021E3BC /* AppDelegate.m */; };
		F321FA9614F808920021E3BC /* MainStoryboard.storyboard in Resources */ = {isa = PBXBuildFile; fileRef = F321FA9414F808920021E3BC /* MainStoryboard.storyboard */; };
		F321FA9914F808920021E3BC /* RadioViewController.m in Sources */ = {isa = PBXBuildFile; fileRef = F321FA9814F808920021E3BC /* RadioViewController.m */; };
		F321FAA214F814D90021E3BC /* AVFoundation.framework in Frameworks */ = {isa = PBXBuildFile; fileRef = F321FAA114F814D90021E3BC /* AVFoundation.framework */; };
		F321FAB814F841A20021E3BC /* LastFmAPI.m in Sources */ = {isa = PBXBuildFile; fileRef = F321FAB714F841A20021E3BC /* LastFmAPI.m */; };
		F321FABB14F843FF0021E3BC /* NSString+md5.m in Sources */ = {isa = PBXBuildFile; fileRef = F321FABA14F843FE0021E3BC /* NSString+md5.m */; };
		F339F3A3150550A100019335 /* Icon.png in Resources */ = {isa = PBXBuildFile; fileRef = F339F3A1150550A100019335 /* Icon.png */; };
		F339F3A4150550A100019335 /* Icon@2x.png in Resources */ = {isa = PBXBuildFile; fileRef = F339F3A2150550A100019335 /* Icon@2x.png */; };
		F3721EED14F8E8D200AB5A5B /* NormalizedTrackTitle.m in Sources */ = {isa = PBXBuildFile; fileRef = F3721EEC14F8E8D200AB5A5B /* NormalizedTrackTitle.m */; };
		F37468FC14FAB1EE00C6D165 /* listIcon.png in Resources */ = {isa = PBXBuildFile; fileRef = F37468FB14FAB1EE00C6D165 /* listIcon.png */; };
		F374690214FAB37E00C6D165 /* listIcon@2x.png in Resources */ = {isa = PBXBuildFile; fileRef = F37468FE14FAB37E00C6D165 /* listIcon@2x.png */; };
		F374690314FAB37E00C6D165 /* pauseIcon.png in Resources */ = {isa = PBXBuildFile; fileRef = F37468FF14FAB37E00C6D165 /* pauseIcon.png */; };
		F374690414FAB37E00C6D165 /* pauseIcon@2x.png in Resources */ = {isa = PBXBuildFile; fileRef = F374690014FAB37E00C6D165 /* pauseIcon@2x.png */; };
		F374690714FAB6AE00C6D165 /* bottomBarTexture.png in Resources */ = {isa = PBXBuildFile; fileRef = F374690514FAB6AE00C6D165 /* bottomBarTexture.png */; };
		F374690814FAB6AE00C6D165 /* bottomBarTexture@2x.png in Resources */ = {isa = PBXBuildFile; fileRef = F374690614FAB6AE00C6D165 /* bottomBarTexture@2x.png */; };
		F374690B14FAB6B600C6D165 /* playIcon.png in Resources */ = {isa = PBXBuildFile; fileRef = F374690914FAB6B600C6D165 /* playIcon.png */; };
		F374690C14FAB6B600C6D165 /* playIcon@2x.png in Resources */ = {isa = PBXBuildFile; fileRef = F374690A14FAB6B600C6D165 /* playIcon@2x.png */; };
		F3BCFA4714FACB07001C6EFF /* RadiostationListViewController.m in Sources */ = {isa = PBXBuildFile; fileRef = F3BCFA4614FACB07001C6EFF /* RadiostationListViewController.m */; };
		F3BCFA4A14FAD958001C6EFF /* as.png in Resources */ = {isa = PBXBuildFile; fileRef = F3BCFA4914FAD958001C6EFF /* as.png */; };
/* End PBXBuildFile section */

/* Begin PBXFileReference section */
		F321FA7E14F808920021E3BC /* audioCenter.app */ = {isa = PBXFileReference; explicitFileType = wrapper.application; includeInIndex = 0; path = audioCenter.app; sourceTree = BUILT_PRODUCTS_DIR; };
		F321FA8214F808920021E3BC /* UIKit.framework */ = {isa = PBXFileReference; lastKnownFileType = wrapper.framework; name = UIKit.framework; path = System/Library/Frameworks/UIKit.framework; sourceTree = SDKROOT; };
		F321FA8414F808920021E3BC /* Foundation.framework */ = {isa = PBXFileReference; lastKnownFileType = wrapper.framework; name = Foundation.framework; path = System/Library/Frameworks/Foundation.framework; sourceTree = SDKROOT; };
		F321FA8614F808920021E3BC /* CoreGraphics.framework */ = {isa = PBXFileReference; lastKnownFileType = wrapper.framework; name = CoreGraphics.framework; path = System/Library/Frameworks/CoreGraphics.framework; sourceTree = SDKROOT; };
		F321FA8A14F808920021E3BC /* audioCenter-Info.plist */ = {isa = PBXFileReference; lastKnownFileType = text.plist.xml; path = "audioCenter-Info.plist"; sourceTree = "<group>"; };
		F321FA8C14F808920021E3BC /* en */ = {isa = PBXFileReference; lastKnownFileType = text.plist.strings; name = en; path = en.lproj/InfoPlist.strings; sourceTree = "<group>"; };
		F321FA8E14F808920021E3BC /* main.m */ = {isa = PBXFileReference; lastKnownFileType = sourcecode.c.objc; path = main.m; sourceTree = "<group>"; };
		F321FA9014F808920021E3BC /* audioCenter-Prefix.pch */ = {isa = PBXFileReference; lastKnownFileType = sourcecode.c.h; path = "audioCenter-Prefix.pch"; sourceTree = "<group>"; };
		F321FA9114F808920021E3BC /* AppDelegate.h */ = {isa = PBXFileReference; lastKnownFileType = sourcecode.c.h; path = AppDelegate.h; sourceTree = "<group>"; };
		F321FA9214F808920021E3BC /* AppDelegate.m */ = {isa = PBXFileReference; lastKnownFileType = sourcecode.c.objc; path = AppDelegate.m; sourceTree = "<group>"; };
		F321FA9514F808920021E3BC /* en */ = {isa = PBXFileReference; lastKnownFileType = file.storyboard; name = en; path = en.lproj/MainStoryboard.storyboard; sourceTree = "<group>"; };
		F321FA9714F808920021E3BC /* RadioViewController.h */ = {isa = PBXFileReference; lastKnownFileType = sourcecode.c.h; path = RadioViewController.h; sourceTree = "<group>"; };
		F321FA9814F808920021E3BC /* RadioViewController.m */ = {isa = PBXFileReference; lastKnownFileType = sourcecode.c.objc; path = RadioViewController.m; sourceTree = "<group>"; };
		F321FAA114F814D90021E3BC /* AVFoundation.framework */ = {isa = PBXFileReference; lastKnownFileType = wrapper.framework; name = AVFoundation.framework; path = System/Library/Frameworks/AVFoundation.framework; sourceTree = SDKROOT; };
		F321FAB614F841A20021E3BC /* LastFmAPI.h */ = {isa = PBXFileReference; fileEncoding = 4; lastKnownFileType = sourcecode.c.h; path = LastFmAPI.h; sourceTree = "<group>"; };
		F321FAB714F841A20021E3BC /* LastFmAPI.m */ = {isa = PBXFileReference; fileEncoding = 4; lastKnownFileType = sourcecode.c.objc; path = LastFmAPI.m; sourceTree = "<group>"; };
		F321FAB914F843E70021E3BC /* NSString+md5.h */ = {isa = PBXFileReference; fileEncoding = 4; lastKnownFileType = sourcecode.c.h; path = "NSString+md5.h"; sourceTree = "<group>"; };
		F321FABA14F843FE0021E3BC /* NSString+md5.m */ = {isa = PBXFileReference; fileEncoding = 4; lastKnownFileType = sourcecode.c.objc; path = "NSString+md5.m"; sourceTree = "<group>"; };
		F339F3A1150550A100019335 /* Icon.png */ = {isa = PBXFileReference; lastKnownFileType = image.png; path = Icon.png; sourceTree = "<group>"; };
		F339F3A2150550A100019335 /* Icon@2x.png */ = {isa = PBXFileReference; lastKnownFileType = image.png; path = "Icon@2x.png"; sourceTree = "<group>"; };
		F3721EEB14F8E8D200AB5A5B /* NormalizedTrackTitle.h */ = {isa = PBXFileReference; fileEncoding = 4; lastKnownFileType = sourcecode.c.h; path = NormalizedTrackTitle.h; sourceTree = "<group>"; };
		F3721EEC14F8E8D200AB5A5B /* NormalizedTrackTitle.m */ = {isa = PBXFileReference; fileEncoding = 4; lastKnownFileType = sourcecode.c.objc; path = NormalizedTrackTitle.m; sourceTree = "<group>"; };
		F37468FB14FAB1EE00C6D165 /* listIcon.png */ = {isa = PBXFileReference; lastKnownFileType = image.png; path = listIcon.png; sourceTree = "<group>"; };
		F37468FE14FAB37E00C6D165 /* listIcon@2x.png */ = {isa = PBXFileReference; lastKnownFileType = image.png; path = "listIcon@2x.png"; sourceTree = "<group>"; };
		F37468FF14FAB37E00C6D165 /* pauseIcon.png */ = {isa = PBXFileReference; lastKnownFileType = image.png; path = pauseIcon.png; sourceTree = "<group>"; };
		F374690014FAB37E00C6D165 /* pauseIcon@2x.png */ = {isa = PBXFileReference; lastKnownFileType = image.png; path = "pauseIcon@2x.png"; sourceTree = "<group>"; };
		F374690514FAB6AE00C6D165 /* bottomBarTexture.png */ = {isa = PBXFileReference; lastKnownFileType = image.png; path = bottomBarTexture.png; sourceTree = "<group>"; };
		F374690614FAB6AE00C6D165 /* bottomBarTexture@2x.png */ = {isa = PBXFileReference; lastKnownFileType = image.png; path = "bottomBarTexture@2x.png"; sourceTree = "<group>"; };
		F374690914FAB6B600C6D165 /* playIcon.png */ = {isa = PBXFileReference; lastKnownFileType = image.png; path = playIcon.png; sourceTree = "<group>"; };
		F374690A14FAB6B600C6D165 /* playIcon@2x.png */ = {isa = PBXFileReference; lastKnownFileType = image.png; path = "playIcon@2x.png"; sourceTree = "<group>"; };
		F3BCFA4514FACB07001C6EFF /* RadiostationListViewController.h */ = {isa = PBXFileReference; fileEncoding = 4; lastKnownFileType = sourcecode.c.h; path = RadiostationListViewController.h; sourceTree = "<group>"; };
		F3BCFA4614FACB07001C6EFF /* RadiostationListViewController.m */ = {isa = PBXFileReference; fileEncoding = 4; lastKnownFileType = sourcecode.c.objc; path = RadiostationListViewController.m; sourceTree = "<group>"; };
		F3BCFA4914FAD958001C6EFF /* as.png */ = {isa = PBXFileReference; lastKnownFileType = image.png; path = as.png; sourceTree = "<group>"; };
/* End PBXFileReference section */

/* Begin PBXFrameworksBuildPhase section */
		F321FA7B14F808920021E3BC /* Frameworks */ = {
			isa = PBXFrameworksBuildPhase;
			buildActionMask = 2147483647;
			files = (
				F321FAA214F814D90021E3BC /* AVFoundation.framework in Frameworks */,
				F321FA8314F808920021E3BC /* UIKit.framework in Frameworks */,
				F321FA8514F808920021E3BC /* Foundation.framework in Frameworks */,
				F321FA8714F808920021E3BC /* CoreGraphics.framework in Frameworks */,
			);
			runOnlyForDeploymentPostprocessing = 0;
		};
/* End PBXFrameworksBuildPhase section */

/* Begin PBXGroup section */
		F321FA7314F808920021E3BC = {
			isa = PBXGroup;
			children = (
				F321FA8814F808920021E3BC /* audioCenter */,
				F321FA8114F808920021E3BC /* Frameworks */,
				F321FA7F14F808920021E3BC /* Products */,
			);
			sourceTree = "<group>";
		};
		F321FA7F14F808920021E3BC /* Products */ = {
			isa = PBXGroup;
			children = (
				F321FA7E14F808920021E3BC /* audioCenter.app */,
			);
			name = Products;
			sourceTree = "<group>";
		};
		F321FA8114F808920021E3BC /* Frameworks */ = {
			isa = PBXGroup;
			children = (
				F321FAA114F814D90021E3BC /* AVFoundation.framework */,
				F321FA8214F808920021E3BC /* UIKit.framework */,
				F321FA8414F808920021E3BC /* Foundation.framework */,
				F321FA8614F808920021E3BC /* CoreGraphics.framework */,
			);
			name = Frameworks;
			sourceTree = "<group>";
		};
		F321FA8814F808920021E3BC /* audioCenter */ = {
			isa = PBXGroup;
			children = (
				F321FA9114F808920021E3BC /* AppDelegate.h */,
				F321FA9214F808920021E3BC /* AppDelegate.m */,
				F321FA9414F808920021E3BC /* MainStoryboard.storyboard */,
				F321FA9714F808920021E3BC /* RadioViewController.h */,
				F321FA9814F808920021E3BC /* RadioViewController.m */,
				F3BCFA4514FACB07001C6EFF /* RadiostationListViewController.h */,
				F3BCFA4614FACB07001C6EFF /* RadiostationListViewController.m */,
				F321FAB614F841A20021E3BC /* LastFmAPI.h */,
				F321FAB714F841A20021E3BC /* LastFmAPI.m */,
				F3721EEB14F8E8D200AB5A5B /* NormalizedTrackTitle.h */,
				F3721EEC14F8E8D200AB5A5B /* NormalizedTrackTitle.m */,
				F321FAB914F843E70021E3BC /* NSString+md5.h */,
				F321FABA14F843FE0021E3BC /* NSString+md5.m */,
				F37468FA14FAB1EE00C6D165 /* assets */,
				F321FA8914F808920021E3BC /* Supporting Files */,
			);
			path = audioCenter;
			sourceTree = "<group>";
		};
		F321FA8914F808920021E3BC /* Supporting Files */ = {
			isa = PBXGroup;
			children = (
				F321FA8A14F808920021E3BC /* audioCenter-Info.plist */,
				F321FA8B14F808920021E3BC /* InfoPlist.strings */,
				F321FA8E14F808920021E3BC /* main.m */,
				F321FA9014F808920021E3BC /* audioCenter-Prefix.pch */,
			);
			name = "Supporting Files";
			sourceTree = "<group>";
		};
		F37468FA14FAB1EE00C6D165 /* assets */ = {
			isa = PBXGroup;
			children = (
				F339F3A1150550A100019335 /* Icon.png */,
				F339F3A2150550A100019335 /* Icon@2x.png */,
				F3BCFA4914FAD958001C6EFF /* as.png */,
				F37468FB14FAB1EE00C6D165 /* listIcon.png */,
				F37468FE14FAB37E00C6D165 /* listIcon@2x.png */,
				F37468FF14FAB37E00C6D165 /* pauseIcon.png */,
				F374690014FAB37E00C6D165 /* pauseIcon@2x.png */,
				F374690914FAB6B600C6D165 /* playIcon.png */,
				F374690A14FAB6B600C6D165 /* playIcon@2x.png */,
				F374690514FAB6AE00C6D165 /* bottomBarTexture.png */,
				F374690614FAB6AE00C6D165 /* bottomBarTexture@2x.png */,
			);
			path = assets;
			sourceTree = "<group>";
		};
/* End PBXGroup section */

/* Begin PBXNativeTarget section */
		F321FA7D14F808920021E3BC /* audioCenter */ = {
			isa = PBXNativeTarget;
			buildConfigurationList = F321FA9C14F808920021E3BC /* Build configuration list for PBXNativeTarget "audioCenter" */;
			buildPhases = (
				F321FA7A14F808920021E3BC /* Sources */,
				F321FA7B14F808920021E3BC /* Frameworks */,
				F3BCFA5015023762001C6EFF /* ShellScript */,
				F321FA7C14F808920021E3BC /* Resources */,
			);
			buildRules = (
			);
			dependencies = (
			);
			name = audioCenter;
			productName = audioCenter;
			productReference = F321FA7E14F808920021E3BC /* audioCenter.app */;
			productType = "com.apple.product-type.application";
		};
/* End PBXNativeTarget section */

/* Begin PBXProject section */
		F321FA7514F808920021E3BC /* Project object */ = {
			isa = PBXProject;
			attributes = {
				LastUpgradeCheck = 0420;
				ORGANIZATIONNAME = Gizbo.ru;
			};
			buildConfigurationList = F321FA7814F808920021E3BC /* Build configuration list for PBXProject "audioCenter" */;
			compatibilityVersion = "Xcode 3.2";
			developmentRegion = English;
			hasScannedForEncodings = 0;
			knownRegions = (
				en,
			);
			mainGroup = F321FA7314F808920021E3BC;
			productRefGroup = F321FA7F14F808920021E3BC /* Products */;
			projectDirPath = "";
			projectRoot = "";
			targets = (
				F321FA7D14F808920021E3BC /* audioCenter */,
			);
		};
/* End PBXProject section */

/* Begin PBXResourcesBuildPhase section */
		F321FA7C14F808920021E3BC /* Resources */ = {
			isa = PBXResourcesBuildPhase;
			buildActionMask = 2147483647;
			files = (
				F321FA8D14F808920021E3BC /* InfoPlist.strings in Resources */,
				F321FA9614F808920021E3BC /* MainStoryboard.storyboard in Resources */,
				F37468FC14FAB1EE00C6D165 /* listIcon.png in Resources */,
				F374690214FAB37E00C6D165 /* listIcon@2x.png in Resources */,
				F374690314FAB37E00C6D165 /* pauseIcon.png in Resources */,
				F374690414FAB37E00C6D165 /* pauseIcon@2x.png in Resources */,
				F374690714FAB6AE00C6D165 /* bottomBarTexture.png in Resources */,
				F374690814FAB6AE00C6D165 /* bottomBarTexture@2x.png in Resources */,
				F374690B14FAB6B600C6D165 /* playIcon.png in Resources */,
				F374690C14FAB6B600C6D165 /* playIcon@2x.png in Resources */,
				F3BCFA4A14FAD958001C6EFF /* as.png in Resources */,
				F339F3A3150550A100019335 /* Icon.png in Resources */,
				F339F3A4150550A100019335 /* Icon@2x.png in Resources */,
			);
			runOnlyForDeploymentPostprocessing = 0;
		};
/* End PBXResourcesBuildPhase section */

/* Begin PBXShellScriptBuildPhase section */
		F3BCFA5015023762001C6EFF /* ShellScript */ = {
			isa = PBXShellScriptBuildPhase;
			buildActionMask = 2147483647;
			files = (
			);
			inputPaths = (
			);
			outputPaths = (
			);
			runOnlyForDeploymentPostprocessing = 0;
			shellPath = /bin/sh;
			shellScript = "buildNumber=$(/usr/libexec/PlistBuddy -c \"Print CFBundleVersion\" ${PRODUCT_SETTINGS_PATH})\nbuildNumber=$(($buildNumber + 1))\n/usr/libexec/PlistBuddy -c \"Set :CFBundleVersion $buildNumber\" ${PRODUCT_SETTINGS_PATH}";
		};
/* End PBXShellScriptBuildPhase section */

/* Begin PBXSourcesBuildPhase section */
		F321FA7A14F808920021E3BC /* Sources */ = {
			isa = PBXSourcesBuildPhase;
			buildActionMask = 2147483647;
			files = (
				F321FA8F14F808920021E3BC /* main.m in Sources */,
				F321FA9314F808920021E3BC /* AppDelegate.m in Sources */,
				F321FA9914F808920021E3BC /* RadioViewController.m in Sources */,
				F321FAB814F841A20021E3BC /* LastFmAPI.m in Sources */,
				F321FABB14F843FF0021E3BC /* NSString+md5.m in Sources */,
				F3721EED14F8E8D200AB5A5B /* NormalizedTrackTitle.m in Sources */,
				F3BCFA4714FACB07001C6EFF /* RadiostationListViewController.m in Sources */,
			);
			runOnlyForDeploymentPostprocessing = 0;
		};
/* End PBXSourcesBuildPhase section */

/* Begin PBXVariantGroup section */
		F321FA8B14F808920021E3BC /* InfoPlist.strings */ = {
			isa = PBXVariantGroup;
			children = (
				F321FA8C14F808920021E3BC /* en */,
			);
			name = InfoPlist.strings;
			sourceTree = "<group>";
		};
		F321FA9414F808920021E3BC /* MainStoryboard.storyboard */ = {
			isa = PBXVariantGroup;
			children = (
				F321FA9514F808920021E3BC /* en */,
			);
			name = MainStoryboard.storyboard;
			sourceTree = "<group>";
		};
/* End PBXVariantGroup section */

/* Begin XCBuildConfiguration section */
		F321FA9A14F808920021E3BC /* Debug */ = {
			isa = XCBuildConfiguration;
			buildSettings = {
				ALWAYS_SEARCH_USER_PATHS = NO;
				ARCHS = "$(ARCHS_STANDARD_32_BIT)";
				CLANG_ENABLE_OBJC_ARC = YES;
				"CODE_SIGN_IDENTITY[sdk=iphoneos*]" = "iPhone Developer";
				COPY_PHASE_STRIP = NO;
				GCC_C_LANGUAGE_STANDARD = gnu99;
				GCC_DYNAMIC_NO_PIC = NO;
				GCC_OPTIMIZATION_LEVEL = 0;
				GCC_PREPROCESSOR_DEFINITIONS = (
					"DEBUG=1",
					"$(inherited)",
				);
				GCC_SYMBOLS_PRIVATE_EXTERN = NO;
				GCC_VERSION = com.apple.compilers.llvm.clang.1_0;
				GCC_WARN_ABOUT_MISSING_PROTOTYPES = YES;
				GCC_WARN_ABOUT_RETURN_TYPE = YES;
				GCC_WARN_UNUSED_VARIABLE = YES;
				IPHONEOS_DEPLOYMENT_TARGET = 5.0;
				SDKROOT = iphoneos;
			};
			name = Debug;
		};
		F321FA9B14F808920021E3BC /* Release */ = {
			isa = XCBuildConfiguration;
			buildSettings = {
				ALWAYS_SEARCH_USER_PATHS = NO;
				ARCHS = "$(ARCHS_STANDARD_32_BIT)";
				CLANG_ENABLE_OBJC_ARC = YES;
				"CODE_SIGN_IDENTITY[sdk=iphoneos*]" = "iPhone Developer";
				COPY_PHASE_STRIP = YES;
				GCC_C_LANGUAGE_STANDARD = gnu99;
				GCC_VERSION = com.apple.compilers.llvm.clang.1_0;
				GCC_WARN_ABOUT_MISSING_PROTOTYPES = YES;
				GCC_WARN_ABOUT_RETURN_TYPE = YES;
				GCC_WARN_UNUSED_VARIABLE = YES;
				IPHONEOS_DEPLOYMENT_TARGET = 5.0;
				OTHER_CFLAGS = "-DNS_BLOCK_ASSERTIONS=1";
				SDKROOT = iphoneos;
				VALIDATE_PRODUCT = YES;
			};
			name = Release;
		};
		F321FA9D14F808920021E3BC /* Debug */ = {
			isa = XCBuildConfiguration;
			buildSettings = {
				GCC_PRECOMPILE_PREFIX_HEADER = YES;
				GCC_PREFIX_HEADER = "audioCenter/audioCenter-Prefix.pch";
				INFOPLIST_FILE = "audioCenter/audioCenter-Info.plist";
				PRODUCT_NAME = "$(TARGET_NAME)";
				WRAPPER_EXTENSION = app;
			};
			name = Debug;
		};
		F321FA9E14F808920021E3BC /* Release */ = {
			isa = XCBuildConfiguration;
			buildSettings = {
				GCC_PRECOMPILE_PREFIX_HEADER = YES;
				GCC_PREFIX_HEADER = "audioCenter/audioCenter-Prefix.pch";
				INFOPLIST_FILE = "audioCenter/audioCenter-Info.plist";
				PRODUCT_NAME = "$(TARGET_NAME)";
				WRAPPER_EXTENSION = app;
			};
			name = Release;
		};
/* End XCBuildConfiguration section */

/* Begin XCConfigurationList section */
		F321FA7814F808920021E3BC /* Build configuration list for PBXProject "audioCenter" */ = {
			isa = XCConfigurationList;
			buildConfigurations = (
				F321FA9A14F808920021E3BC /* Debug */,
				F321FA9B14F808920021E3BC /* Release */,
			);
			defaultConfigurationIsVisible = 0;
			defaultConfigurationName = Release;
		};
		F321FA9C14F808920021E3BC /* Build configuration list for PBXNativeTarget "audioCenter" */ = {
			isa = XCConfigurationList;
			buildConfigurations = (
				F321FA9D14F808920021E3BC /* Debug */,
				F321FA9E14F808920021E3BC /* Release */,
			);
			defaultConfigurationIsVisible = 0;
			defaultConfigurationName = Release;
		};
/* End XCConfigurationList section */
	};
	rootObject = F321FA7514F808920021E3BC /* Project object */;
}
